
Microsoft Visual Studio Solution File, Format Version 12.00
# Visual Studio 15
Project("{FAE04EC0-301F-11D3-BF4B-00C04F79EFBC}") = "Assembly-CSharp", "Assembly-CSharp.csproj", "{CECFD345-48A6-00B0-F998-22E57643C4B8}"
EndProject
Project("{FAE04EC0-301F-11D3-BF4B-00C04F79EFBC}") = "Assembly-CSharp-Editor", "Assembly-CSharp-Editor.csproj", "{7D8A6694-F6EF-ABAE-9F96-1D277EFAE9CC}"
EndProject
Global
	GlobalSection(SolutionConfigurationPlatforms) = preSolution
		Debug|Any CPU = Debug|Any CPU
		Release|Any CPU = Release|Any CPU
	EndGlobalSection
	GlobalSection(ProjectConfigurationPlatforms) = postSolution
		{CECFD345-48A6-00B0-F998-22E57643C4B8}.Debug|Any CPU.ActiveCfg = Debug|Any CPU
		{CECFD345-48A6-00B0-F998-22E57643C4B8}.Debug|Any CPU.Build.0 = Debug|Any CPU
		{CECFD345-48A6-00B0-F998-22E57643C4B8}.Release|Any CPU.ActiveCfg = Release|Any CPU
		{CECFD345-48A6-00B0-F998-22E57643C4B8}.Release|Any CPU.Build.0 = Release|Any CPU
		{7D8A6694-F6EF-ABAE-9F96-1D277EFAE9CC}.Debug|Any CPU.ActiveCfg = Debug|Any CPU
		{7D8A6694-F6EF-ABAE-9F96-1D277EFAE9CC}.Debug|Any CPU.Build.0 = Debug|Any CPU
		{7D8A6694-F6EF-ABAE-9F96-1D277EFAE9CC}.Release|Any CPU.ActiveCfg = Release|Any CPU
		{7D8A6694-F6EF-ABAE-9F96-1D277EFAE9CC}.Release|Any CPU.Build.0 = Release|Any CPU
	EndGlobalSection
	GlobalSection(SolutionProperties) = preSolution
		HideSolutionNode = FALSE
	EndGlobalSection
EndGlobal
